
Microsoft Visual Studio Solution File, Format Version 12.00
# Visual Studio 2013
VisualStudioVersion = 12.0.40629.0
MinimumVisualStudioVersion = 10.0.40219.1
Project("{2150E333-8FDC-42A3-9474-1A3956D46DE8}") = "01 DataAccess", "01 DataAccess", "{FE9A7189-3A5E-4519-834C-F79F21EFAAF4}"
EndProject
Project("{2150E333-8FDC-42A3-9474-1A3956D46DE8}") = "02 Model", "02 Model", "{5C8A7752-4C89-42D3-8963-16829A24CE86}"
EndProject
Project("{2150E333-8FDC-42A3-9474-1A3956D46DE8}") = "03 Business", "03 Business", "{F8106BE5-9810-49A8-8679-718EDBCD5C58}"
EndProject
Project("{2150E333-8FDC-42A3-9474-1A3956D46DE8}") = "00 Tools", "00 Tools", "{EFB4D9B6-4A81-4183-9848-7C17050207F3}"
EndProject
Project("{FAE04EC0-301F-11D3-BF4B-00C04F79EFBC}") = "Tools", "Tools\Tools.csproj", "{029E5BF8-86A2-47C2-8C54-D1F49BC7E3DD}"
EndProject
Project("{FAE04EC0-301F-11D3-BF4B-00C04F79EFBC}") = "DataAccess", "DataAccess\DataAccess.csproj", "{EA8EDBF8-6F9E-4655-9729-BD3E7B1F12FB}"
EndProject
Project("{FAE04EC0-301F-11D3-BF4B-00C04F79EFBC}") = "Model", "Model\Model.csproj", "{BB3D8345-2096-490C-9C7B-F58A4D84E962}"
EndProject
Project("{FAE04EC0-301F-11D3-BF4B-00C04F79EFBC}") = "Business", "Business\Business.csproj", "{C0AF7520-AE6B-4FD1-8E42-5C9E57C4A1A9}"
EndProject
Project("{2150E333-8FDC-42A3-9474-1A3956D46DE8}") = "04 DesktopApp", "04 DesktopApp", "{CAE98EB7-259A-4A1F-B019-55267BD49CBA}"
EndProject
Project("{FAE04EC0-301F-11D3-BF4B-00C04F79EFBC}") = "DesktopApp", "DesktopApp\DesktopApp.csproj", "{DA0142EF-7925-4407-AABB-998A13D96E4D}"
EndProject
Global
	GlobalSection(SolutionConfigurationPlatforms) = preSolution
		Debug|Any CPU = Debug|Any CPU
		Release|Any CPU = Release|Any CPU
	EndGlobalSection
	GlobalSection(ProjectConfigurationPlatforms) = postSolution
		{029E5BF8-86A2-47C2-8C54-D1F49BC7E3DD}.Debug|Any CPU.ActiveCfg = Debug|Any CPU
		{029E5BF8-86A2-47C2-8C54-D1F49BC7E3DD}.Debug|Any CPU.Build.0 = Debug|Any CPU
		{029E5BF8-86A2-47C2-8C54-D1F49BC7E3DD}.Release|Any CPU.ActiveCfg = Release|Any CPU
		{029E5BF8-86A2-47C2-8C54-D1F49BC7E3DD}.Release|Any CPU.Build.0 = Release|Any CPU
		{EA8EDBF8-6F9E-4655-9729-BD3E7B1F12FB}.Debug|Any CPU.ActiveCfg = Debug|Any CPU
		{EA8EDBF8-6F9E-4655-9729-BD3E7B1F12FB}.Debug|Any CPU.Build.0 = Debug|Any CPU
		{EA8EDBF8-6F9E-4655-9729-BD3E7B1F12FB}.Release|Any CPU.ActiveCfg = Release|Any CPU
		{EA8EDBF8-6F9E-4655-9729-BD3E7B1F12FB}.Release|Any CPU.Build.0 = Release|Any CPU
		{BB3D8345-2096-490C-9C7B-F58A4D84E962}.Debug|Any CPU.ActiveCfg = Debug|Any CPU
		{BB3D8345-2096-490C-9C7B-F58A4D84E962}.Debug|Any CPU.Build.0 = Debug|Any CPU
		{BB3D8345-2096-490C-9C7B-F58A4D84E962}.Release|Any CPU.ActiveCfg = Release|Any CPU
		{BB3D8345-2096-490C-9C7B-F58A4D84E962}.Release|Any CPU.Build.0 = Release|Any CPU
		{C0AF7520-AE6B-4FD1-8E42-5C9E57C4A1A9}.Debug|Any CPU.ActiveCfg = Debug|Any CPU
		{C0AF7520-AE6B-4FD1-8E42-5C9E57C4A1A9}.Debug|Any CPU.Build.0 = Debug|Any CPU
		{C0AF7520-AE6B-4FD1-8E42-5C9E57C4A1A9}.Release|Any CPU.ActiveCfg = Release|Any CPU
		{C0AF7520-AE6B-4FD1-8E42-5C9E57C4A1A9}.Release|Any CPU.Build.0 = Release|Any CPU
		{DA0142EF-7925-4407-AABB-998A13D96E4D}.Debug|Any CPU.ActiveCfg = Debug|Any CPU
		{DA0142EF-7925-4407-AABB-998A13D96E4D}.Debug|Any CPU.Build.0 = Debug|Any CPU
		{DA0142EF-7925-4407-AABB-998A13D96E4D}.Release|Any CPU.ActiveCfg = Release|Any CPU
		{DA0142EF-7925-4407-AABB-998A13D96E4D}.Release|Any CPU.Build.0 = Release|Any CPU
	EndGlobalSection
	GlobalSection(SolutionProperties) = preSolution
		HideSolutionNode = FALSE
	EndGlobalSection
	GlobalSection(NestedProjects) = preSolution
		{029E5BF8-86A2-47C2-8C54-D1F49BC7E3DD} = {EFB4D9B6-4A81-4183-9848-7C17050207F3}
		{EA8EDBF8-6F9E-4655-9729-BD3E7B1F12FB} = {FE9A7189-3A5E-4519-834C-F79F21EFAAF4}
		{BB3D8345-2096-490C-9C7B-F58A4D84E962} = {5C8A7752-4C89-42D3-8963-16829A24CE86}
		{C0AF7520-AE6B-4FD1-8E42-5C9E57C4A1A9} = {F8106BE5-9810-49A8-8679-718EDBCD5C58}
		{DA0142EF-7925-4407-AABB-998A13D96E4D} = {CAE98EB7-259A-4A1F-B019-55267BD49CBA}
	EndGlobalSection
EndGlobal
